// !$*UTF8*$!
{
	archiveVersion = 1;
	classes = {
	};
	objectVersion = 46;
	objects = {

/* Begin PBXBuildFile section */
		AC6955151C788C8B00E05F87 /* AppDelegate.swift in Sources */ = {isa = PBXBuildFile; fileRef = AC6955141C788C8B00E05F87 /* AppDelegate.swift */; };
		AC6955171C788C8B00E05F87 /* RosterVC.swift in Sources */ = {isa = PBXBuildFile; fileRef = AC6955161C788C8B00E05F87 /* RosterVC.swift */; };
		AC6955191C788C8B00E05F87 /* SecondViewController.swift in Sources */ = {isa = PBXBuildFile; fileRef = AC6955181C788C8B00E05F87 /* SecondViewController.swift */; };
		AC69551C1C788C8B00E05F87 /* Main.storyboard in Resources */ = {isa = PBXBuildFile; fileRef = AC69551A1C788C8B00E05F87 /* Main.storyboard */; };
		AC69551E1C788C8B00E05F87 /* Assets.xcassets in Resources */ = {isa = PBXBuildFile; fileRef = AC69551D1C788C8B00E05F87 /* Assets.xcassets */; };
		AC6955211C788C8B00E05F87 /* LaunchScreen.storyboard in Resources */ = {isa = PBXBuildFile; fileRef = AC69551F1C788C8B00E05F87 /* LaunchScreen.storyboard */; };
		AC69552D1C78969300E05F87 /* Player.swift in Sources */ = {isa = PBXBuildFile; fileRef = AC69552C1C78969300E05F87 /* Player.swift */; };
		AC69552F1C78985500E05F87 /* PlayerCell.swift in Sources */ = {isa = PBXBuildFile; fileRef = AC69552E1C78985500E05F87 /* PlayerCell.swift */; };
		AC6955311C78A7A700E05F87 /* MaterialView.swift in Sources */ = {isa = PBXBuildFile; fileRef = AC6955301C78A7A700E05F87 /* MaterialView.swift */; };
		AC6955331C78A7D400E05F87 /* Constants.swift in Sources */ = {isa = PBXBuildFile; fileRef = AC6955321C78A7D400E05F87 /* Constants.swift */; };
		AC6955351C78A8A800E05F87 /* ProfilePic.swift in Sources */ = {isa = PBXBuildFile; fileRef = AC6955341C78A8A800E05F87 /* ProfilePic.swift */; };
		AC6955371C78AA4700E05F87 /* Roster.swift in Sources */ = {isa = PBXBuildFile; fileRef = AC6955361C78AA4700E05F87 /* Roster.swift */; };
		AC6955391C78C09500E05F87 /* PlayerDetailVC.swift in Sources */ = {isa = PBXBuildFile; fileRef = AC6955381C78C09500E05F87 /* PlayerDetailVC.swift */; };
/* End PBXBuildFile section */

/* Begin PBXFileReference section */
		AC6955111C788C8B00E05F87 /* weiss-blau.app */ = {isa = PBXFileReference; explicitFileType = wrapper.application; includeInIndex = 0; path = "weiss-blau.app"; sourceTree = BUILT_PRODUCTS_DIR; };
		AC6955141C788C8B00E05F87 /* AppDelegate.swift */ = {isa = PBXFileReference; lastKnownFileType = sourcecode.swift; path = AppDelegate.swift; sourceTree = "<group>"; };
		AC6955161C788C8B00E05F87 /* RosterVC.swift */ = {isa = PBXFileReference; lastKnownFileType = sourcecode.swift; path = RosterVC.swift; sourceTree = "<group>"; };
		AC6955181C788C8B00E05F87 /* SecondViewController.swift */ = {isa = PBXFileReference; lastKnownFileType = sourcecode.swift; path = SecondViewController.swift; sourceTree = "<group>"; };
		AC69551B1C788C8B00E05F87 /* Base */ = {isa = PBXFileReference; lastKnownFileType = file.storyboard; name = Base; path = Base.lproj/Main.storyboard; sourceTree = "<group>"; };
		AC69551D1C788C8B00E05F87 /* Assets.xcassets */ = {isa = PBXFileReference; lastKnownFileType = folder.assetcatalog; path = Assets.xcassets; sourceTree = "<group>"; };
		AC6955201C788C8B00E05F87 /* Base */ = {isa = PBXFileReference; lastKnownFileType = file.storyboard; name = Base; path = Base.lproj/LaunchScreen.storyboard; sourceTree = "<group>"; };
		AC6955221C788C8B00E05F87 /* Info.plist */ = {isa = PBXFileReference; lastKnownFileType = text.plist.xml; path = Info.plist; sourceTree = "<group>"; };
		AC69552C1C78969300E05F87 /* Player.swift */ = {isa = PBXFileReference; fileEncoding = 4; lastKnownFileType = sourcecode.swift; path = Player.swift; sourceTree = "<group>"; };
		AC69552E1C78985500E05F87 /* PlayerCell.swift */ = {isa = PBXFileReference; fileEncoding = 4; lastKnownFileType = sourcecode.swift; path = PlayerCell.swift; sourceTree = "<group>"; };
		AC6955301C78A7A700E05F87 /* MaterialView.swift */ = {isa = PBXFileReference; fileEncoding = 4; lastKnownFileType = sourcecode.swift; path = MaterialView.swift; sourceTree = "<group>"; };
		AC6955321C78A7D400E05F87 /* Constants.swift */ = {isa = PBXFileReference; fileEncoding = 4; lastKnownFileType = sourcecode.swift; path = Constants.swift; sourceTree = "<group>"; };
		AC6955341C78A8A800E05F87 /* ProfilePic.swift */ = {isa = PBXFileReference; fileEncoding = 4; lastKnownFileType = sourcecode.swift; path = ProfilePic.swift; sourceTree = "<group>"; };
		AC6955361C78AA4700E05F87 /* Roster.swift */ = {isa = PBXFileReference; fileEncoding = 4; lastKnownFileType = sourcecode.swift; path = Roster.swift; sourceTree = "<group>"; };
		AC6955381C78C09500E05F87 /* PlayerDetailVC.swift */ = {isa = PBXFileReference; fileEncoding = 4; lastKnownFileType = sourcecode.swift; path = PlayerDetailVC.swift; sourceTree = "<group>"; };
/* End PBXFileReference section */

/* Begin PBXFrameworksBuildPhase section */
		AC69550E1C788C8B00E05F87 /* Frameworks */ = {
			isa = PBXFrameworksBuildPhase;
			buildActionMask = 2147483647;
			files = (
			);
			runOnlyForDeploymentPostprocessing = 0;
		};
/* End PBXFrameworksBuildPhase section */

/* Begin PBXGroup section */
		AC6955081C788C8B00E05F87 = {
			isa = PBXGroup;
			children = (
				AC6955131C788C8B00E05F87 /* weiss-blau */,
				AC6955121C788C8B00E05F87 /* Products */,
			);
			sourceTree = "<group>";
		};
		AC6955121C788C8B00E05F87 /* Products */ = {
			isa = PBXGroup;
			children = (
				AC6955111C788C8B00E05F87 /* weiss-blau.app */,
			);
			name = Products;
			sourceTree = "<group>";
		};
		AC6955131C788C8B00E05F87 /* weiss-blau */ = {
			isa = PBXGroup;
			children = (
				AC69552B1C78957400E05F87 /* Util */,
				AC69552A1C78956B00E05F87 /* Model */,
				AC6955291C78956700E05F87 /* View */,
				AC6955281C78956000E05F87 /* Controller */,
				AC6955141C788C8B00E05F87 /* AppDelegate.swift */,
				AC69551A1C788C8B00E05F87 /* Main.storyboard */,
				AC69551D1C788C8B00E05F87 /* Assets.xcassets */,
				AC69551F1C788C8B00E05F87 /* LaunchScreen.storyboard */,
				AC6955221C788C8B00E05F87 /* Info.plist */,
			);
			path = "weiss-blau";
			sourceTree = "<group>";
		};
		AC6955281C78956000E05F87 /* Controller */ = {
			isa = PBXGroup;
			children = (
				AC6955161C788C8B00E05F87 /* RosterVC.swift */,
				AC6955181C788C8B00E05F87 /* SecondViewController.swift */,
				AC6955381C78C09500E05F87 /* PlayerDetailVC.swift */,
			);
			name = Controller;
			sourceTree = "<group>";
		};
		AC6955291C78956700E05F87 /* View */ = {
			isa = PBXGroup;
			children = (
				AC69552E1C78985500E05F87 /* PlayerCell.swift */,
				AC6955301C78A7A700E05F87 /* MaterialView.swift */,
				AC6955341C78A8A800E05F87 /* ProfilePic.swift */,
			);
			name = View;
			sourceTree = "<group>";
		};
		AC69552A1C78956B00E05F87 /* Model */ = {
			isa = PBXGroup;
			children = (
				AC69552C1C78969300E05F87 /* Player.swift */,
				AC6955361C78AA4700E05F87 /* Roster.swift */,
			);
			name = Model;
			sourceTree = "<group>";
		};
		AC69552B1C78957400E05F87 /* Util */ = {
			isa = PBXGroup;
			children = (
				AC6955321C78A7D400E05F87 /* Constants.swift */,
			);
			name = Util;
			sourceTree = "<group>";
		};
/* End PBXGroup section */

/* Begin PBXNativeTarget section */
		AC6955101C788C8B00E05F87 /* weiss-blau */ = {
			isa = PBXNativeTarget;
			buildConfigurationList = AC6955251C788C8B00E05F87 /* Build configuration list for PBXNativeTarget "weiss-blau" */;
			buildPhases = (
				AC69550D1C788C8B00E05F87 /* Sources */,
				AC69550E1C788C8B00E05F87 /* Frameworks */,
				AC69550F1C788C8B00E05F87 /* Resources */,
			);
			buildRules = (
			);
			dependencies = (
			);
			name = "weiss-blau";
			productName = "weiss-blau";
			productReference = AC6955111C788C8B00E05F87 /* weiss-blau.app */;
			productType = "com.apple.product-type.application";
		};
/* End PBXNativeTarget section */

/* Begin PBXProject section */
		AC6955091C788C8B00E05F87 /* Project object */ = {
			isa = PBXProject;
			attributes = {
				LastSwiftUpdateCheck = 0720;
				LastUpgradeCheck = 0720;
				ORGANIZATIONNAME = "Stefan Blos";
				TargetAttributes = {
					AC6955101C788C8B00E05F87 = {
						CreatedOnToolsVersion = 7.2.1;
						DevelopmentTeam = 76R46WBD5H;
					};
				};
			};
			buildConfigurationList = AC69550C1C788C8B00E05F87 /* Build configuration list for PBXProject "weiss-blau" */;
			compatibilityVersion = "Xcode 3.2";
			developmentRegion = English;
			hasScannedForEncodings = 0;
			knownRegions = (
				en,
				Base,
			);
			mainGroup = AC6955081C788C8B00E05F87;
			productRefGroup = AC6955121C788C8B00E05F87 /* Products */;
			projectDirPath = "";
			projectRoot = "";
			targets = (
				AC6955101C788C8B00E05F87 /* weiss-blau */,
			);
		};
/* End PBXProject section */

/* Begin PBXResourcesBuildPhase section */
		AC69550F1C788C8B00E05F87 /* Resources */ = {
			isa = PBXResourcesBuildPhase;
			buildActionMask = 2147483647;
			files = (
				AC6955211C788C8B00E05F87 /* LaunchScreen.storyboard in Resources */,
				AC69551E1C788C8B00E05F87 /* Assets.xcassets in Resources */,
				AC69551C1C788C8B00E05F87 /* Main.storyboard in Resources */,
			);
			runOnlyForDeploymentPostprocessing = 0;
		};
/* End PBXResourcesBuildPhase section */

/* Begin PBXSourcesBuildPhase section */
		AC69550D1C788C8B00E05F87 /* Sources */ = {
			isa = PBXSourcesBuildPhase;
			buildActionMask = 2147483647;
			files = (
				AC6955351C78A8A800E05F87 /* ProfilePic.swift in Sources */,
				AC69552D1C78969300E05F87 /* Player.swift in Sources */,
				AC6955191C788C8B00E05F87 /* SecondViewController.swift in Sources */,
				AC6955151C788C8B00E05F87 /* AppDelegate.swift in Sources */,
				AC6955311C78A7A700E05F87 /* MaterialView.swift in Sources */,
				AC6955331C78A7D400E05F87 /* Constants.swift in Sources */,
				AC6955391C78C09500E05F87 /* PlayerDetailVC.swift in Sources */,
				AC6955171C788C8B00E05F87 /* RosterVC.swift in Sources */,
				AC69552F1C78985500E05F87 /* PlayerCell.swift in Sources */,
				AC6955371C78AA4700E05F87 /* Roster.swift in Sources */,
			);
			runOnlyForDeploymentPostprocessing = 0;
		};
/* End PBXSourcesBuildPhase section */

/* Begin PBXVariantGroup section */
		AC69551A1C788C8B00E05F87 /* Main.storyboard */ = {
			isa = PBXVariantGroup;
			children = (
				AC69551B1C788C8B00E05F87 /* Base */,
			);
			name = Main.storyboard;
			sourceTree = "<group>";
		};
		AC69551F1C788C8B00E05F87 /* LaunchScreen.storyboard */ = {
			isa = PBXVariantGroup;
			children = (
				AC6955201C788C8B00E05F87 /* Base */,
			);
			name = LaunchScreen.storyboard;
			sourceTree = "<group>";
		};
/* End PBXVariantGroup section */

/* Begin XCBuildConfiguration section */
		AC6955231C788C8B00E05F87 /* Debug */ = {
			isa = XCBuildConfiguration;
			buildSettings = {
				ALWAYS_SEARCH_USER_PATHS = NO;
				CLANG_CXX_LANGUAGE_STANDARD = "gnu++0x";
				CLANG_CXX_LIBRARY = "libc++";
				CLANG_ENABLE_MODULES = YES;
				CLANG_ENABLE_OBJC_ARC = YES;
				CLANG_WARN_BOOL_CONVERSION = YES;
				CLANG_WARN_CONSTANT_CONVERSION = YES;
				CLANG_WARN_DIRECT_OBJC_ISA_USAGE = YES_ERROR;
				CLANG_WARN_EMPTY_BODY = YES;
				CLANG_WARN_ENUM_CONVERSION = YES;
				CLANG_WARN_INT_CONVERSION = YES;
				CLANG_WARN_OBJC_ROOT_CLASS = YES_ERROR;
				CLANG_WARN_UNREACHABLE_CODE = YES;
				CLANG_WARN__DUPLICATE_METHOD_MATCH = YES;
				"CODE_SIGN_IDENTITY[sdk=iphoneos*]" = "iPhone Developer";
				COPY_PHASE_STRIP = NO;
				DEBUG_INFORMATION_FORMAT = dwarf;
				ENABLE_STRICT_OBJC_MSGSEND = YES;
				ENABLE_TESTABILITY = YES;
				GCC_C_LANGUAGE_STANDARD = gnu99;
				GCC_DYNAMIC_NO_PIC = NO;
				GCC_NO_COMMON_BLOCKS = YES;
				GCC_OPTIMIZATION_LEVEL = 0;
				GCC_PREPROCESSOR_DEFINITIONS = (
					"DEBUG=1",
					"$(inherited)",
				);
				GCC_WARN_64_TO_32_BIT_CONVERSION = YES;
				GCC_WARN_ABOUT_RETURN_TYPE = YES_ERROR;
				GCC_WARN_UNDECLARED_SELECTOR = YES;
				GCC_WARN_UNINITIALIZED_AUTOS = YES_AGGRESSIVE;
				GCC_WARN_UNUSED_FUNCTION = YES;
				GCC_WARN_UNUSED_VARIABLE = YES;
				IPHONEOS_DEPLOYMENT_TARGET = 9.2;
				MTL_ENABLE_DEBUG_INFO = YES;
				ONLY_ACTIVE_ARCH = YES;
				SDKROOT = iphoneos;
				SWIFT_OPTIMIZATION_LEVEL = "-Onone";
				TARGETED_DEVICE_FAMILY = "1,2";
			};
			name = Debug;
		};
		AC6955241C788C8B00E05F87 /* Release */ = {
			isa = XCBuildConfiguration;
			buildSettings = {
				ALWAYS_SEARCH_USER_PATHS = NO;
				CLANG_CXX_LANGUAGE_STANDARD = "gnu++0x";
				CLANG_CXX_LIBRARY = "libc++";
				CLANG_ENABLE_MODULES = YES;
				CLANG_ENABLE_OBJC_ARC = YES;
				CLANG_WARN_BOOL_CONVERSION = YES;
				CLANG_WARN_CONSTANT_CONVERSION = YES;
				CLANG_WARN_DIRECT_OBJC_ISA_USAGE = YES_ERROR;
				CLANG_WARN_EMPTY_BODY = YES;
				CLANG_WARN_ENUM_CONVERSION = YES;
				CLANG_WARN_INT_CONVERSION = YES;
				CLANG_WARN_OBJC_ROOT_CLASS = YES_ERROR;
				CLANG_WARN_UNREACHABLE_CODE = YES;
				CLANG_WARN__DUPLICATE_METHOD_MATCH = YES;
				"CODE_SIGN_IDENTITY[sdk=iphoneos*]" = "iPhone Developer";
				COPY_PHASE_STRIP = NO;
				DEBUG_INFORMATION_FORMAT = "dwarf-with-dsym";
				ENABLE_NS_ASSERTIONS = NO;
				ENABLE_STRICT_OBJC_MSGSEND = YES;
				GCC_C_LANGUAGE_STANDARD = gnu99;
				GCC_NO_COMMON_BLOCKS = YES;
				GCC_WARN_64_TO_32_BIT_CONVERSION = YES;
				GCC_WARN_ABOUT_RETURN_TYPE = YES_ERROR;
				GCC_WARN_UNDECLARED_SELECTOR = YES;
				GCC_WARN_UNINITIALIZED_AUTOS = YES_AGGRESSIVE;
				GCC_WARN_UNUSED_FUNCTION = YES;
				GCC_WARN_UNUSED_VARIABLE = YES;
				IPHONEOS_DEPLOYMENT_TARGET = 9.2;
				MTL_ENABLE_DEBUG_INFO = NO;
				SDKROOT = iphoneos;
				TARGETED_DEVICE_FAMILY = "1,2";
				VALIDATE_PRODUCT = YES;
			};
			name = Release;
		};
		AC6955261C788C8B00E05F87 /* Debug */ = {
			isa = XCBuildConfiguration;
			buildSettings = {
				ASSETCATALOG_COMPILER_APPICON_NAME = AppIcon;
				INFOPLIST_FILE = "weiss-blau/Info.plist";
				LD_RUNPATH_SEARCH_PATHS = "$(inherited) @executable_path/Frameworks";
				PRODUCT_BUNDLE_IDENTIFIER = "com.stefanblos.weiss-blau";
				PRODUCT_NAME = "$(TARGET_NAME)";
			};
			name = Debug;
		};
		AC6955271C788C8B00E05F87 /* Release */ = {
			isa = XCBuildConfiguration;
			buildSettings = {
				ASSETCATALOG_COMPILER_APPICON_NAME = AppIcon;
				INFOPLIST_FILE = "weiss-blau/Info.plist";
				LD_RUNPATH_SEARCH_PATHS = "$(inherited) @executable_path/Frameworks";
				PRODUCT_BUNDLE_IDENTIFIER = "com.stefanblos.weiss-blau";
				PRODUCT_NAME = "$(TARGET_NAME)";
			};
			name = Release;
		};
/* End XCBuildConfiguration section */

/* Begin XCConfigurationList section */
		AC69550C1C788C8B00E05F87 /* Build configuration list for PBXProject "weiss-blau" */ = {
			isa = XCConfigurationList;
			buildConfigurations = (
				AC6955231C788C8B00E05F87 /* Debug */,
				AC6955241C788C8B00E05F87 /* Release */,
			);
			defaultConfigurationIsVisible = 0;
			defaultConfigurationName = Release;
		};
		AC6955251C788C8B00E05F87 /* Build configuration list for PBXNativeTarget "weiss-blau" */ = {
			isa = XCConfigurationList;
			buildConfigurations = (
				AC6955261C788C8B00E05F87 /* Debug */,
				AC6955271C788C8B00E05F87 /* Release */,
			);
			defaultConfigurationIsVisible = 0;
		};
/* End XCConfigurationList section */
	};
	rootObject = AC6955091C788C8B00E05F87 /* Project object */;
}
